
Microsoft Visual Studio Solution File, Format Version 12.00
# Visual Studio 2012
Project("{FAE04EC0-301F-11D3-BF4B-00C04F79EFBC}") = "Blog.SignalRExample", "Blog.SignalRExample\Blog.SignalRExample.csproj", "{8412DD94-3CF9-4F9C-8687-3117C5954895}"
EndProject
Global
	GlobalSection(SolutionConfigurationPlatforms) = preSolution
		Debug|Any CPU = Debug|Any CPU
		Release|Any CPU = Release|Any CPU
	EndGlobalSection
	GlobalSection(ProjectConfigurationPlatforms) = postSolution
		{8412DD94-3CF9-4F9C-8687-3117C5954895}.Debug|Any CPU.ActiveCfg = Debug|Any CPU
		{8412DD94-3CF9-4F9C-8687-3117C5954895}.Debug|Any CPU.Build.0 = Debug|Any CPU
		{8412DD94-3CF9-4F9C-8687-3117C5954895}.Release|Any CPU.ActiveCfg = Release|Any CPU
		{8412DD94-3CF9-4F9C-8687-3117C5954895}.Release|Any CPU.Build.0 = Release|Any CPU
	EndGlobalSection
	GlobalSection(SolutionProperties) = preSolution
		HideSolutionNode = FALSE
	EndGlobalSection
EndGlobal
